
Microsoft Visual Studio Solution File, Format Version 12.00
# Visual Studio 2013
VisualStudioVersion = 12.0.31101.0
MinimumVisualStudioVersion = 10.0.40219.1
Project("{FAE04EC0-301F-11D3-BF4B-00C04F79EFBC}") = "MyBroswer", "MyBroswer20160901\MyBroswer.csproj", "{EB539C2B-3B83-4D85-A303-9A34CFE3AB50}"
EndProject
Project("{FAE04EC0-301F-11D3-BF4B-00C04F79EFBC}") = "HtmlParser", "HtmlParser20160901\HtmlParser.csproj", "{83FBE2FF-B57F-468E-B8C6-725E430134FA}"
EndProject
Project("{FAE04EC0-301F-11D3-BF4B-00C04F79EFBC}") = "JavsScriptCore", "JSInterpret\JavsScriptCore.csproj", "{A4FAD1DD-2FBB-4B37-8A0C-D06DB754C6FD}"
EndProject
Project("{FAE04EC0-301F-11D3-BF4B-00C04F79EFBC}") = "JsInterpreterUnitTest", "JsInterpreterUnitTest\JsInterpreterUnitTest.csproj", "{025536AE-4A65-4B76-BB15-61E81F3ED167}"
EndProject
Project("{FAE04EC0-301F-11D3-BF4B-00C04F79EFBC}") = "Playground", "Playground\Playground.csproj", "{4D4D38BE-EC9A-4C56-9F69-7EF9B3E591C3}"
EndProject
Project("{FAE04EC0-301F-11D3-BF4B-00C04F79EFBC}") = "CssCore", "CssCore\CssCore.csproj", "{091D6D45-7CCF-4C47-B7FE-3ED05CE5AD8A}"
EndProject
Global
	GlobalSection(SolutionConfigurationPlatforms) = preSolution
		Debug|Any CPU = Debug|Any CPU
		Release|Any CPU = Release|Any CPU
	EndGlobalSection
	GlobalSection(ProjectConfigurationPlatforms) = postSolution
		{EB539C2B-3B83-4D85-A303-9A34CFE3AB50}.Debug|Any CPU.ActiveCfg = Debug|Any CPU
		{EB539C2B-3B83-4D85-A303-9A34CFE3AB50}.Debug|Any CPU.Build.0 = Debug|Any CPU
		{EB539C2B-3B83-4D85-A303-9A34CFE3AB50}.Release|Any CPU.ActiveCfg = Release|Any CPU
		{EB539C2B-3B83-4D85-A303-9A34CFE3AB50}.Release|Any CPU.Build.0 = Release|Any CPU
		{83FBE2FF-B57F-468E-B8C6-725E430134FA}.Debug|Any CPU.ActiveCfg = Debug|Any CPU
		{83FBE2FF-B57F-468E-B8C6-725E430134FA}.Debug|Any CPU.Build.0 = Debug|Any CPU
		{83FBE2FF-B57F-468E-B8C6-725E430134FA}.Release|Any CPU.ActiveCfg = Release|Any CPU
		{83FBE2FF-B57F-468E-B8C6-725E430134FA}.Release|Any CPU.Build.0 = Release|Any CPU
		{A4FAD1DD-2FBB-4B37-8A0C-D06DB754C6FD}.Debug|Any CPU.ActiveCfg = Debug|Any CPU
		{A4FAD1DD-2FBB-4B37-8A0C-D06DB754C6FD}.Debug|Any CPU.Build.0 = Debug|Any CPU
		{A4FAD1DD-2FBB-4B37-8A0C-D06DB754C6FD}.Release|Any CPU.ActiveCfg = Release|Any CPU
		{A4FAD1DD-2FBB-4B37-8A0C-D06DB754C6FD}.Release|Any CPU.Build.0 = Release|Any CPU
		{025536AE-4A65-4B76-BB15-61E81F3ED167}.Debug|Any CPU.ActiveCfg = Debug|Any CPU
		{025536AE-4A65-4B76-BB15-61E81F3ED167}.Debug|Any CPU.Build.0 = Debug|Any CPU
		{025536AE-4A65-4B76-BB15-61E81F3ED167}.Release|Any CPU.ActiveCfg = Release|Any CPU
		{025536AE-4A65-4B76-BB15-61E81F3ED167}.Release|Any CPU.Build.0 = Release|Any CPU
		{4D4D38BE-EC9A-4C56-9F69-7EF9B3E591C3}.Debug|Any CPU.ActiveCfg = Debug|Any CPU
		{4D4D38BE-EC9A-4C56-9F69-7EF9B3E591C3}.Debug|Any CPU.Build.0 = Debug|Any CPU
		{4D4D38BE-EC9A-4C56-9F69-7EF9B3E591C3}.Release|Any CPU.ActiveCfg = Release|Any CPU
		{4D4D38BE-EC9A-4C56-9F69-7EF9B3E591C3}.Release|Any CPU.Build.0 = Release|Any CPU
		{091D6D45-7CCF-4C47-B7FE-3ED05CE5AD8A}.Debug|Any CPU.ActiveCfg = Debug|Any CPU
		{091D6D45-7CCF-4C47-B7FE-3ED05CE5AD8A}.Debug|Any CPU.Build.0 = Debug|Any CPU
		{091D6D45-7CCF-4C47-B7FE-3ED05CE5AD8A}.Release|Any CPU.ActiveCfg = Release|Any CPU
		{091D6D45-7CCF-4C47-B7FE-3ED05CE5AD8A}.Release|Any CPU.Build.0 = Release|Any CPU
	EndGlobalSection
	GlobalSection(SolutionProperties) = preSolution
		HideSolutionNode = FALSE
	EndGlobalSection
EndGlobal
